// !$*UTF8*$!
{
	archiveVersion = 1;
	classes = {
	};
	objectVersion = 56;
	objects = {

/* Begin PBXBuildFile section */
		6FFFEC4E29249E9000C260EC /* PrivateChatSwiftUiApp.swift in Sources */ = {isa = PBXBuildFile; fileRef = 6FFFEC4D29249E9000C260EC /* PrivateChatSwiftUiApp.swift */; };
		6FFFEC5029249E9000C260EC /* ContentView.swift in Sources */ = {isa = PBXBuildFile; fileRef = 6FFFEC4F29249E9000C260EC /* ContentView.swift */; };
		6FFFEC5229249E9000C260EC /* Assets.xcassets in Resources */ = {isa = PBXBuildFile; fileRef = 6FFFEC5129249E9000C260EC /* Assets.xcassets */; };
		6FFFEC5529249E9000C260EC /* Preview Assets.xcassets in Resources */ = {isa = PBXBuildFile; fileRef = 6FFFEC5429249E9000C260EC /* Preview Assets.xcassets */; };
		6FFFEC5729249E9000C260EC /* Persistence.swift in Sources */ = {isa = PBXBuildFile; fileRef = 6FFFEC5629249E9000C260EC /* Persistence.swift */; };
		6FFFEC5A29249E9000C260EC /* PrivateChatSwiftUi.xcdatamodeld in Sources */ = {isa = PBXBuildFile; fileRef = 6FFFEC5829249E9000C260EC /* PrivateChatSwiftUi.xcdatamodeld */; };
		6FFFEC6529249E9000C260EC /* PrivateChatSwiftUiTests.swift in Sources */ = {isa = PBXBuildFile; fileRef = 6FFFEC6429249E9000C260EC /* PrivateChatSwiftUiTests.swift */; };
		6FFFEC6F29249E9000C260EC /* PrivateChatSwiftUiUITests.swift in Sources */ = {isa = PBXBuildFile; fileRef = 6FFFEC6E29249E9000C260EC /* PrivateChatSwiftUiUITests.swift */; };
		6FFFEC7129249E9000C260EC /* PrivateChatSwiftUiUITestsLaunchTests.swift in Sources */ = {isa = PBXBuildFile; fileRef = 6FFFEC7029249E9000C260EC /* PrivateChatSwiftUiUITestsLaunchTests.swift */; };
/* End PBXBuildFile section */

/* Begin PBXContainerItemProxy section */
		6FFFEC6129249E9000C260EC /* PBXContainerItemProxy */ = {
			isa = PBXContainerItemProxy;
			containerPortal = 6FFFEC4229249E8F00C260EC /* Project object */;
			proxyType = 1;
			remoteGlobalIDString = 6FFFEC4929249E9000C260EC;
			remoteInfo = PrivateChatSwiftUi;
		};
		6FFFEC6B29249E9000C260EC /* PBXContainerItemProxy */ = {
			isa = PBXContainerItemProxy;
			containerPortal = 6FFFEC4229249E8F00C260EC /* Project object */;
			proxyType = 1;
			remoteGlobalIDString = 6FFFEC4929249E9000C260EC;
			remoteInfo = PrivateChatSwiftUi;
		};
/* End PBXContainerItemProxy section */

/* Begin PBXFileReference section */
		6FFFEC4A29249E9000C260EC /* PrivateChatSwiftUi.app */ = {isa = PBXFileReference; explicitFileType = wrapper.application; includeInIndex = 0; path = PrivateChatSwiftUi.app; sourceTree = BUILT_PRODUCTS_DIR; };
		6FFFEC4D29249E9000C260EC /* PrivateChatSwiftUiApp.swift */ = {isa = PBXFileReference; lastKnownFileType = sourcecode.swift; path = PrivateChatSwiftUiApp.swift; sourceTree = "<group>"; };
		6FFFEC4F29249E9000C260EC /* ContentView.swift */ = {isa = PBXFileReference; lastKnownFileType = sourcecode.swift; path = ContentView.swift; sourceTree = "<group>"; };
		6FFFEC5129249E9000C260EC /* Assets.xcassets */ = {isa = PBXFileReference; lastKnownFileType = folder.assetcatalog; path = Assets.xcassets; sourceTree = "<group>"; };
		6FFFEC5429249E9000C260EC /* Preview Assets.xcassets */ = {isa = PBXFileReference; lastKnownFileType = folder.assetcatalog; path = "Preview Assets.xcassets"; sourceTree = "<group>"; };
		6FFFEC5629249E9000C260EC /* Persistence.swift */ = {isa = PBXFileReference; lastKnownFileType = sourcecode.swift; path = Persistence.swift; sourceTree = "<group>"; };
		6FFFEC5929249E9000C260EC /* PrivateChatSwiftUi.xcdatamodel */ = {isa = PBXFileReference; lastKnownFileType = wrapper.xcdatamodel; path = PrivateChatSwiftUi.xcdatamodel; sourceTree = "<group>"; };
		6FFFEC5B29249E9000C260EC /* Info.plist */ = {isa = PBXFileReference; lastKnownFileType = text.plist.xml; path = Info.plist; sourceTree = "<group>"; };
		6FFFEC6029249E9000C260EC /* PrivateChatSwiftUiTests.xctest */ = {isa = PBXFileReference; explicitFileType = wrapper.cfbundle; includeInIndex = 0; path = PrivateChatSwiftUiTests.xctest; sourceTree = BUILT_PRODUCTS_DIR; };
		6FFFEC6429249E9000C260EC /* PrivateChatSwiftUiTests.swift */ = {isa = PBXFileReference; lastKnownFileType = sourcecode.swift; path = PrivateChatSwiftUiTests.swift; sourceTree = "<group>"; };
		6FFFEC6A29249E9000C260EC /* PrivateChatSwiftUiUITests.xctest */ = {isa = PBXFileReference; explicitFileType = wrapper.cfbundle; includeInIndex = 0; path = PrivateChatSwiftUiUITests.xctest; sourceTree = BUILT_PRODUCTS_DIR; };
		6FFFEC6E29249E9000C260EC /* PrivateChatSwiftUiUITests.swift */ = {isa = PBXFileReference; lastKnownFileType = sourcecode.swift; path = PrivateChatSwiftUiUITests.swift; sourceTree = "<group>"; };
		6FFFEC7029249E9000C260EC /* PrivateChatSwiftUiUITestsLaunchTests.swift */ = {isa = PBXFileReference; lastKnownFileType = sourcecode.swift; path = PrivateChatSwiftUiUITestsLaunchTests.swift; sourceTree = "<group>"; };
/* End PBXFileReference section */

/* Begin PBXFrameworksBuildPhase section */
		6FFFEC4729249E9000C260EC /* Frameworks */ = {
			isa = PBXFrameworksBuildPhase;
			buildActionMask = 2147483647;
			files = (
			);
			runOnlyForDeploymentPostprocessing = 0;
		};
		6FFFEC5D29249E9000C260EC /* Frameworks */ = {
			isa = PBXFrameworksBuildPhase;
			buildActionMask = 2147483647;
			files = (
			);
			runOnlyForDeploymentPostprocessing = 0;
		};
		6FFFEC6729249E9000C260EC /* Frameworks */ = {
			isa = PBXFrameworksBuildPhase;
			buildActionMask = 2147483647;
			files = (
			);
			runOnlyForDeploymentPostprocessing = 0;
		};
/* End PBXFrameworksBuildPhase section */

/* Begin PBXGroup section */
		6FFFEC4129249E8F00C260EC = {
			isa = PBXGroup;
			children = (
				6FFFEC4C29249E9000C260EC /* PrivateChatSwiftUi */,
				6FFFEC6329249E9000C260EC /* PrivateChatSwiftUiTests */,
				6FFFEC6D29249E9000C260EC /* PrivateChatSwiftUiUITests */,
				6FFFEC4B29249E9000C260EC /* Products */,
			);
			sourceTree = "<group>";
		};
		6FFFEC4B29249E9000C260EC /* Products */ = {
			isa = PBXGroup;
			children = (
				6FFFEC4A29249E9000C260EC /* PrivateChatSwiftUi.app */,
				6FFFEC6029249E9000C260EC /* PrivateChatSwiftUiTests.xctest */,
				6FFFEC6A29249E9000C260EC /* PrivateChatSwiftUiUITests.xctest */,
			);
			name = Products;
			sourceTree = "<group>";
		};
		6FFFEC4C29249E9000C260EC /* PrivateChatSwiftUi */ = {
			isa = PBXGroup;
			children = (
				6FFFEC4D29249E9000C260EC /* PrivateChatSwiftUiApp.swift */,
				6FFFEC4F29249E9000C260EC /* ContentView.swift */,
				6FFFEC5129249E9000C260EC /* Assets.xcassets */,
				6FFFEC5629249E9000C260EC /* Persistence.swift */,
				6FFFEC5B29249E9000C260EC /* Info.plist */,
				6FFFEC5829249E9000C260EC /* PrivateChatSwiftUi.xcdatamodeld */,
				6FFFEC5329249E9000C260EC /* Preview Content */,
			);
			path = PrivateChatSwiftUi;
			sourceTree = "<group>";
		};
		6FFFEC5329249E9000C260EC /* Preview Content */ = {
			isa = PBXGroup;
			children = (
				6FFFEC5429249E9000C260EC /* Preview Assets.xcassets */,
			);
			path = "Preview Content";
			sourceTree = "<group>";
		};
		6FFFEC6329249E9000C260EC /* PrivateChatSwiftUiTests */ = {
			isa = PBXGroup;
			children = (
				6FFFEC6429249E9000C260EC /* PrivateChatSwiftUiTests.swift */,
			);
			path = PrivateChatSwiftUiTests;
			sourceTree = "<group>";
		};
		6FFFEC6D29249E9000C260EC /* PrivateChatSwiftUiUITests */ = {
			isa = PBXGroup;
			children = (
				6FFFEC6E29249E9000C260EC /* PrivateChatSwiftUiUITests.swift */,
				6FFFEC7029249E9000C260EC /* PrivateChatSwiftUiUITestsLaunchTests.swift */,
			);
			path = PrivateChatSwiftUiUITests;
			sourceTree = "<group>";
		};
/* End PBXGroup section */

/* Begin PBXNativeTarget section */
		6FFFEC4929249E9000C260EC /* PrivateChatSwiftUi */ = {
			isa = PBXNativeTarget;
			buildConfigurationList = 6FFFEC7429249E9000C260EC /* Build configuration list for PBXNativeTarget "PrivateChatSwiftUi" */;
			buildPhases = (
				6FFFEC4629249E9000C260EC /* Sources */,
				6FFFEC4729249E9000C260EC /* Frameworks */,
				6FFFEC4829249E9000C260EC /* Resources */,
			);
			buildRules = (
			);
			dependencies = (
			);
			name = PrivateChatSwiftUi;
			productName = PrivateChatSwiftUi;
			productReference = 6FFFEC4A29249E9000C260EC /* PrivateChatSwiftUi.app */;
			productType = "com.apple.product-type.application";
		};
		6FFFEC5F29249E9000C260EC /* PrivateChatSwiftUiTests */ = {
			isa = PBXNativeTarget;
			buildConfigurationList = 6FFFEC7729249E9000C260EC /* Build configuration list for PBXNativeTarget "PrivateChatSwiftUiTests" */;
			buildPhases = (
				6FFFEC5C29249E9000C260EC /* Sources */,
				6FFFEC5D29249E9000C260EC /* Frameworks */,
				6FFFEC5E29249E9000C260EC /* Resources */,
			);
			buildRules = (
			);
			dependencies = (
				6FFFEC6229249E9000C260EC /* PBXTargetDependency */,
			);
			name = PrivateChatSwiftUiTests;
			productName = PrivateChatSwiftUiTests;
			productReference = 6FFFEC6029249E9000C260EC /* PrivateChatSwiftUiTests.xctest */;
			productType = "com.apple.product-type.bundle.unit-test";
		};
		6FFFEC6929249E9000C260EC /* PrivateChatSwiftUiUITests */ = {
			isa = PBXNativeTarget;
			buildConfigurationList = 6FFFEC7A29249E9000C260EC /* Build configuration list for PBXNativeTarget "PrivateChatSwiftUiUITests" */;
			buildPhases = (
				6FFFEC6629249E9000C260EC /* Sources */,
				6FFFEC6729249E9000C260EC /* Frameworks */,
				6FFFEC6829249E9000C260EC /* Resources */,
			);
			buildRules = (
			);
			dependencies = (
				6FFFEC6C29249E9000C260EC /* PBXTargetDependency */,
			);
			name = PrivateChatSwiftUiUITests;
			productName = PrivateChatSwiftUiUITests;
			productReference = 6FFFEC6A29249E9000C260EC /* PrivateChatSwiftUiUITests.xctest */;
			productType = "com.apple.product-type.bundle.ui-testing";
		};
/* End PBXNativeTarget section */

/* Begin PBXProject section */
		6FFFEC4229249E8F00C260EC /* Project object */ = {
			isa = PBXProject;
			attributes = {
				BuildIndependentTargetsInParallel = 1;
				LastSwiftUpdateCheck = 1410;
				LastUpgradeCheck = 1410;
				TargetAttributes = {
					6FFFEC4929249E9000C260EC = {
						CreatedOnToolsVersion = 14.1;
					};
					6FFFEC5F29249E9000C260EC = {
						CreatedOnToolsVersion = 14.1;
						TestTargetID = 6FFFEC4929249E9000C260EC;
					};
					6FFFEC6929249E9000C260EC = {
						CreatedOnToolsVersion = 14.1;
						TestTargetID = 6FFFEC4929249E9000C260EC;
					};
				};
			};
			buildConfigurationList = 6FFFEC4529249E8F00C260EC /* Build configuration list for PBXProject "PrivateChatSwiftUi" */;
			compatibilityVersion = "Xcode 14.0";
			developmentRegion = en;
			hasScannedForEncodings = 0;
			knownRegions = (
				en,
				Base,
			);
			mainGroup = 6FFFEC4129249E8F00C260EC;
			productRefGroup = 6FFFEC4B29249E9000C260EC /* Products */;
			projectDirPath = "";
			projectRoot = "";
			targets = (
				6FFFEC4929249E9000C260EC /* PrivateChatSwiftUi */,
				6FFFEC5F29249E9000C260EC /* PrivateChatSwiftUiTests */,
				6FFFEC6929249E9000C260EC /* PrivateChatSwiftUiUITests */,
			);
		};
/* End PBXProject section */

/* Begin PBXResourcesBuildPhase section */
		6FFFEC4829249E9000C260EC /* Resources */ = {
			isa = PBXResourcesBuildPhase;
			buildActionMask = 2147483647;
			files = (
				6FFFEC5529249E9000C260EC /* Preview Assets.xcassets in Resources */,
				6FFFEC5229249E9000C260EC /* Assets.xcassets in Resources */,
			);
			runOnlyForDeploymentPostprocessing = 0;
		};
		6FFFEC5E29249E9000C260EC /* Resources */ = {
			isa = PBXResourcesBuildPhase;
			buildActionMask = 2147483647;
			files = (
			);
			runOnlyForDeploymentPostprocessing = 0;
		};
		6FFFEC6829249E9000C260EC /* Resources */ = {
			isa = PBXResourcesBuildPhase;
			buildActionMask = 2147483647;
			files = (
			);
			runOnlyForDeploymentPostprocessing = 0;
		};
/* End PBXResourcesBuildPhase section */

/* Begin PBXSourcesBuildPhase section */
		6FFFEC4629249E9000C260EC /* Sources */ = {
			isa = PBXSourcesBuildPhase;
			buildActionMask = 2147483647;
			files = (
				6FFFEC5729249E9000C260EC /* Persistence.swift in Sources */,
				6FFFEC5A29249E9000C260EC /* PrivateChatSwiftUi.xcdatamodeld in Sources */,
				6FFFEC5029249E9000C260EC /* ContentView.swift in Sources */,
				6FFFEC4E29249E9000C260EC /* PrivateChatSwiftUiApp.swift in Sources */,
			);
			runOnlyForDeploymentPostprocessing = 0;
		};
		6FFFEC5C29249E9000C260EC /* Sources */ = {
			isa = PBXSourcesBuildPhase;
			buildActionMask = 2147483647;
			files = (
				6FFFEC6529249E9000C260EC /* PrivateChatSwiftUiTests.swift in Sources */,
			);
			runOnlyForDeploymentPostprocessing = 0;
		};
		6FFFEC6629249E9000C260EC /* Sources */ = {
			isa = PBXSourcesBuildPhase;
			buildActionMask = 2147483647;
			files = (
				6FFFEC7129249E9000C260EC /* PrivateChatSwiftUiUITestsLaunchTests.swift in Sources */,
				6FFFEC6F29249E9000C260EC /* PrivateChatSwiftUiUITests.swift in Sources */,
			);
			runOnlyForDeploymentPostprocessing = 0;
		};
/* End PBXSourcesBuildPhase section */

/* Begin PBXTargetDependency section */
		6FFFEC6229249E9000C260EC /* PBXTargetDependency */ = {
			isa = PBXTargetDependency;
			target = 6FFFEC4929249E9000C260EC /* PrivateChatSwiftUi */;
			targetProxy = 6FFFEC6129249E9000C260EC /* PBXContainerItemProxy */;
		};
		6FFFEC6C29249E9000C260EC /* PBXTargetDependency */ = {
			isa = PBXTargetDependency;
			target = 6FFFEC4929249E9000C260EC /* PrivateChatSwiftUi */;
			targetProxy = 6FFFEC6B29249E9000C260EC /* PBXContainerItemProxy */;
		};
/* End PBXTargetDependency section */

/* Begin XCBuildConfiguration section */
		6FFFEC7229249E9000C260EC /* Debug */ = {
			isa = XCBuildConfiguration;
			buildSettings = {
				ALWAYS_SEARCH_USER_PATHS = NO;
				CLANG_ANALYZER_NONNULL = YES;
				CLANG_ANALYZER_NUMBER_OBJECT_CONVERSION = YES_AGGRESSIVE;
				CLANG_CXX_LANGUAGE_STANDARD = "gnu++20";
				CLANG_ENABLE_MODULES = YES;
				CLANG_ENABLE_OBJC_ARC = YES;
				CLANG_ENABLE_OBJC_WEAK = YES;
				CLANG_WARN_BLOCK_CAPTURE_AUTORELEASING = YES;
				CLANG_WARN_BOOL_CONVERSION = YES;
				CLANG_WARN_COMMA = YES;
				CLANG_WARN_CONSTANT_CONVERSION = YES;
				CLANG_WARN_DEPRECATED_OBJC_IMPLEMENTATIONS = YES;
				CLANG_WARN_DIRECT_OBJC_ISA_USAGE = YES_ERROR;
				CLANG_WARN_DOCUMENTATION_COMMENTS = YES;
				CLANG_WARN_EMPTY_BODY = YES;
				CLANG_WARN_ENUM_CONVERSION = YES;
				CLANG_WARN_INFINITE_RECURSION = YES;
				CLANG_WARN_INT_CONVERSION = YES;
				CLANG_WARN_NON_LITERAL_NULL_CONVERSION = YES;
				CLANG_WARN_OBJC_IMPLICIT_RETAIN_SELF = YES;
				CLANG_WARN_OBJC_LITERAL_CONVERSION = YES;
				CLANG_WARN_OBJC_ROOT_CLASS = YES_ERROR;
				CLANG_WARN_QUOTED_INCLUDE_IN_FRAMEWORK_HEADER = YES;
				CLANG_WARN_RANGE_LOOP_ANALYSIS = YES;
				CLANG_WARN_STRICT_PROTOTYPES = YES;
				CLANG_WARN_SUSPICIOUS_MOVE = YES;
				CLANG_WARN_UNGUARDED_AVAILABILITY = YES_AGGRESSIVE;
				CLANG_WARN_UNREACHABLE_CODE = YES;
				CLANG_WARN__DUPLICATE_METHOD_MATCH = YES;
				COPY_PHASE_STRIP = NO;
				DEBUG_INFORMATION_FORMAT = dwarf;
				ENABLE_STRICT_OBJC_MSGSEND = YES;
				ENABLE_TESTABILITY = YES;
				GCC_C_LANGUAGE_STANDARD = gnu11;
				GCC_DYNAMIC_NO_PIC = NO;
				GCC_NO_COMMON_BLOCKS = YES;
				GCC_OPTIMIZATION_LEVEL = 0;
				GCC_PREPROCESSOR_DEFINITIONS = (
					"DEBUG=1",
					"$(inherited)",
				);
				GCC_WARN_64_TO_32_BIT_CONVERSION = YES;
				GCC_WARN_ABOUT_RETURN_TYPE = YES_ERROR;
				GCC_WARN_UNDECLARED_SELECTOR = YES;
				GCC_WARN_UNINITIALIZED_AUTOS = YES_AGGRESSIVE;
				GCC_WARN_UNUSED_FUNCTION = YES;
				GCC_WARN_UNUSED_VARIABLE = YES;
				IPHONEOS_DEPLOYMENT_TARGET = 16.1;
				MTL_ENABLE_DEBUG_INFO = INCLUDE_SOURCE;
				MTL_FAST_MATH = YES;
				ONLY_ACTIVE_ARCH = YES;
				SDKROOT = iphoneos;
				SWIFT_ACTIVE_COMPILATION_CONDITIONS = DEBUG;
				SWIFT_OPTIMIZATION_LEVEL = "-Onone";
			};
			name = Debug;
		};
		6FFFEC7329249E9000C260EC /* Release */ = {
			isa = XCBuildConfiguration;
			buildSettings = {
				ALWAYS_SEARCH_USER_PATHS = NO;
				CLANG_ANALYZER_NONNULL = YES;
				CLANG_ANALYZER_NUMBER_OBJECT_CONVERSION = YES_AGGRESSIVE;
				CLANG_CXX_LANGUAGE_STANDARD = "gnu++20";
				CLANG_ENABLE_MODULES = YES;
				CLANG_ENABLE_OBJC_ARC = YES;
				CLANG_ENABLE_OBJC_WEAK = YES;
				CLANG_WARN_BLOCK_CAPTURE_AUTORELEASING = YES;
				CLANG_WARN_BOOL_CONVERSION = YES;
				CLANG_WARN_COMMA = YES;
				CLANG_WARN_CONSTANT_CONVERSION = YES;
				CLANG_WARN_DEPRECATED_OBJC_IMPLEMENTATIONS = YES;
				CLANG_WARN_DIRECT_OBJC_ISA_USAGE = YES_ERROR;
				CLANG_WARN_DOCUMENTATION_COMMENTS = YES;
				CLANG_WARN_EMPTY_BODY = YES;
				CLANG_WARN_ENUM_CONVERSION = YES;
				CLANG_WARN_INFINITE_RECURSION = YES;
				CLANG_WARN_INT_CONVERSION = YES;
				CLANG_WARN_NON_LITERAL_NULL_CONVERSION = YES;
				CLANG_WARN_OBJC_IMPLICIT_RETAIN_SELF = YES;
				CLANG_WARN_OBJC_LITERAL_CONVERSION = YES;
				CLANG_WARN_OBJC_ROOT_CLASS = YES_ERROR;
				CLANG_WARN_QUOTED_INCLUDE_IN_FRAMEWORK_HEADER = YES;
				CLANG_WARN_RANGE_LOOP_ANALYSIS = YES;
				CLANG_WARN_STRICT_PROTOTYPES = YES;
				CLANG_WARN_SUSPICIOUS_MOVE = YES;
				CLANG_WARN_UNGUARDED_AVAILABILITY = YES_AGGRESSIVE;
				CLANG_WARN_UNREACHABLE_CODE = YES;
				CLANG_WARN__DUPLICATE_METHOD_MATCH = YES;
				COPY_PHASE_STRIP = NO;
				DEBUG_INFORMATION_FORMAT = "dwarf-with-dsym";
				ENABLE_NS_ASSERTIONS = NO;
				ENABLE_STRICT_OBJC_MSGSEND = YES;
				GCC_C_LANGUAGE_STANDARD = gnu11;
				GCC_NO_COMMON_BLOCKS = YES;
				GCC_WARN_64_TO_32_BIT_CONVERSION = YES;
				GCC_WARN_ABOUT_RETURN_TYPE = YES_ERROR;
				GCC_WARN_UNDECLARED_SELECTOR = YES;
				GCC_WARN_UNINITIALIZED_AUTOS = YES_AGGRESSIVE;
				GCC_WARN_UNUSED_FUNCTION = YES;
				GCC_WARN_UNUSED_VARIABLE = YES;
				IPHONEOS_DEPLOYMENT_TARGET = 16.1;
				MTL_ENABLE_DEBUG_INFO = NO;
				MTL_FAST_MATH = YES;
				SDKROOT = iphoneos;
				SWIFT_COMPILATION_MODE = wholemodule;
				SWIFT_OPTIMIZATION_LEVEL = "-O";
				VALIDATE_PRODUCT = YES;
			};
			name = Release;
		};
		6FFFEC7529249E9000C260EC /* Debug */ = {
			isa = XCBuildConfiguration;
			buildSettings = {
				ASSETCATALOG_COMPILER_APPICON_NAME = AppIcon;
				ASSETCATALOG_COMPILER_GLOBAL_ACCENT_COLOR_NAME = AccentColor;
				CODE_SIGN_STYLE = Automatic;
				CURRENT_PROJECT_VERSION = 1;
				DEVELOPMENT_ASSET_PATHS = "\"PrivateChatSwiftUi/Preview Content\"";
				ENABLE_PREVIEWS = YES;
				GENERATE_INFOPLIST_FILE = YES;
				INFOPLIST_KEY_UIApplicationSceneManifest_Generation = YES;
				INFOPLIST_KEY_UIApplicationSupportsIndirectInputEvents = YES;
				INFOPLIST_KEY_UILaunchScreen_Generation = YES;
				INFOPLIST_KEY_UISupportedInterfaceOrientations_iPad = "UIInterfaceOrientationPortrait UIInterfaceOrientationPortraitUpsideDown UIInterfaceOrientationLandscapeLeft UIInterfaceOrientationLandscapeRight";
				INFOPLIST_KEY_UISupportedInterfaceOrientations_iPhone = "UIInterfaceOrientationPortrait UIInterfaceOrientationLandscapeLeft UIInterfaceOrientationLandscapeRight";
				LD_RUNPATH_SEARCH_PATHS = (
					"$(inherited)",
					"@executable_path/Frameworks",
				);
				MARKETING_VERSION = 1.0;
				PRODUCT_BUNDLE_IDENTIFIER = com.fairooz.privatechat.PrivateChatSwiftUi;
				PRODUCT_NAME = "$(TARGET_NAME)";
				SWIFT_EMIT_LOC_STRINGS = YES;
				SWIFT_VERSION = 5.0;
				TARGETED_DEVICE_FAMILY = "1,2";
			};
			name = Debug;
		};
		6FFFEC7629249E9000C260EC /* Release */ = {
			isa = XCBuildConfiguration;
			buildSettings = {
				ASSETCATALOG_COMPILER_APPICON_NAME = AppIcon;
				ASSETCATALOG_COMPILER_GLOBAL_ACCENT_COLOR_NAME = AccentColor;
				CODE_SIGN_STYLE = Automatic;
				CURRENT_PROJECT_VERSION = 1;
				DEVELOPMENT_ASSET_PATHS = "\"PrivateChatSwiftUi/Preview Content\"";
				ENABLE_PREVIEWS = YES;
				GENERATE_INFOPLIST_FILE = YES;
				INFOPLIST_KEY_UIApplicationSceneManifest_Generation = YES;
				INFOPLIST_KEY_UIApplicationSupportsIndirectInputEvents = YES;
				INFOPLIST_KEY_UILaunchScreen_Generation = YES;
				INFOPLIST_KEY_UISupportedInterfaceOrientations_iPad = "UIInterfaceOrientationPortrait UIInterfaceOrientationPortraitUpsideDown UIInterfaceOrientationLandscapeLeft UIInterfaceOrientationLandscapeRight";
				INFOPLIST_KEY_UISupportedInterfaceOrientations_iPhone = "UIInterfaceOrientationPortrait UIInterfaceOrientationLandscapeLeft UIInterfaceOrientationLandscapeRight";
				LD_RUNPATH_SEARCH_PATHS = (
					"$(inherited)",
					"@executable_path/Frameworks",
				);
				MARKETING_VERSION = 1.0;
				PRODUCT_BUNDLE_IDENTIFIER = com.fairooz.privatechat.PrivateChatSwiftUi;
				PRODUCT_NAME = "$(TARGET_NAME)";
				SWIFT_EMIT_LOC_STRINGS = YES;
				SWIFT_VERSION = 5.0;
				TARGETED_DEVICE_FAMILY = "1,2";
			};
			name = Release;
		};
		6FFFEC7829249E9000C260EC /* Debug */ = {
			isa = XCBuildConfiguration;
			buildSettings = {
				ALWAYS_EMBED_SWIFT_STANDARD_LIBRARIES = YES;
				BUNDLE_LOADER = "$(TEST_HOST)";
				CODE_SIGN_STYLE = Automatic;
				CURRENT_PROJECT_VERSION = 1;
				GENERATE_INFOPLIST_FILE = YES;
				IPHONEOS_DEPLOYMENT_TARGET = 16.1;
				MARKETING_VERSION = 1.0;
				PRODUCT_BUNDLE_IDENTIFIER = com.fairooz.privatechat.PrivateChatSwiftUiTests;
				PRODUCT_NAME = "$(TARGET_NAME)";
				SWIFT_EMIT_LOC_STRINGS = NO;
				SWIFT_VERSION = 5.0;
				TARGETED_DEVICE_FAMILY = "1,2";
				TEST_HOST = "$(BUILT_PRODUCTS_DIR)/PrivateChatSwiftUi.app/$(BUNDLE_EXECUTABLE_FOLDER_PATH)/PrivateChatSwiftUi";
			};
			name = Debug;
		};
		6FFFEC7929249E9000C260EC /* Release */ = {
			isa = XCBuildConfiguration;
			buildSettings = {
				ALWAYS_EMBED_SWIFT_STANDARD_LIBRARIES = YES;
				BUNDLE_LOADER = "$(TEST_HOST)";
				CODE_SIGN_STYLE = Automatic;
				CURRENT_PROJECT_VERSION = 1;
				GENERATE_INFOPLIST_FILE = YES;
				IPHONEOS_DEPLOYMENT_TARGET = 16.1;
				MARKETING_VERSION = 1.0;
				PRODUCT_BUNDLE_IDENTIFIER = com.fairooz.privatechat.PrivateChatSwiftUiTests;
				PRODUCT_NAME = "$(TARGET_NAME)";
				SWIFT_EMIT_LOC_STRINGS = NO;
				SWIFT_VERSION = 5.0;
				TARGETED_DEVICE_FAMILY = "1,2";
				TEST_HOST = "$(BUILT_PRODUCTS_DIR)/PrivateChatSwiftUi.app/$(BUNDLE_EXECUTABLE_FOLDER_PATH)/PrivateChatSwiftUi";
			};
			name = Release;
		};
		6FFFEC7B29249E9000C260EC /* Debug */ = {
			isa = XCBuildConfiguration;
			buildSettings = {
				ALWAYS_EMBED_SWIFT_STANDARD_LIBRARIES = YES;
				CODE_SIGN_STYLE = Automatic;
				CURRENT_PROJECT_VERSION = 1;
				GENERATE_INFOPLIST_FILE = YES;
				MARKETING_VERSION = 1.0;
				PRODUCT_BUNDLE_IDENTIFIER = com.fairooz.privatechat.PrivateChatSwiftUiUITests;
				PRODUCT_NAME = "$(TARGET_NAME)";
				SWIFT_EMIT_LOC_STRINGS = NO;
				SWIFT_VERSION = 5.0;
				TARGETED_DEVICE_FAMILY = "1,2";
				TEST_TARGET_NAME = PrivateChatSwiftUi;
			};
			name = Debug;
		};
		6FFFEC7C29249E9000C260EC /* Release */ = {
			isa = XCBuildConfiguration;
			buildSettings = {
				ALWAYS_EMBED_SWIFT_STANDARD_LIBRARIES = YES;
				CODE_SIGN_STYLE = Automatic;
				CURRENT_PROJECT_VERSION = 1;
				GENERATE_INFOPLIST_FILE = YES;
				MARKETING_VERSION = 1.0;
				PRODUCT_BUNDLE_IDENTIFIER = com.fairooz.privatechat.PrivateChatSwiftUiUITests;
				PRODUCT_NAME = "$(TARGET_NAME)";
				SWIFT_EMIT_LOC_STRINGS = NO;
				SWIFT_VERSION = 5.0;
				TARGETED_DEVICE_FAMILY = "1,2";
				TEST_TARGET_NAME = PrivateChatSwiftUi;
			};
			name = Release;
		};
/* End XCBuildConfiguration section */

/* Begin XCConfigurationList section */
		6FFFEC4529249E8F00C260EC /* Build configuration list for PBXProject "PrivateChatSwiftUi" */ = {
			isa = XCConfigurationList;
			buildConfigurations = (
				6FFFEC7229249E9000C260EC /* Debug */,
				6FFFEC7329249E9000C260EC /* Release */,
			);
			defaultConfigurationIsVisible = 0;
			defaultConfigurationName = Release;
		};
		6FFFEC7429249E9000C260EC /* Build configuration list for PBXNativeTarget "PrivateChatSwiftUi" */ = {
			isa = XCConfigurationList;
			buildConfigurations = (
				6FFFEC7529249E9000C260EC /* Debug */,
				6FFFEC7629249E9000C260EC /* Release */,
			);
			defaultConfigurationIsVisible = 0;
			defaultConfigurationName = Release;
		};
		6FFFEC7729249E9000C260EC /* Build configuration list for PBXNativeTarget "PrivateChatSwiftUiTests" */ = {
			isa = XCConfigurationList;
			buildConfigurations = (
				6FFFEC7829249E9000C260EC /* Debug */,
				6FFFEC7929249E9000C260EC /* Release */,
			);
			defaultConfigurationIsVisible = 0;
			defaultConfigurationName = Release;
		};
		6FFFEC7A29249E9000C260EC /* Build configuration list for PBXNativeTarget "PrivateChatSwiftUiUITests" */ = {
			isa = XCConfigurationList;
			buildConfigurations = (
				6FFFEC7B29249E9000C260EC /* Debug */,
				6FFFEC7C29249E9000C260EC /* Release */,
			);
			defaultConfigurationIsVisible = 0;
			defaultConfigurationName = Release;
		};
/* End XCConfigurationList section */

/* Begin XCVersionGroup section */
		6FFFEC5829249E9000C260EC /* PrivateChatSwiftUi.xcdatamodeld */ = {
			isa = XCVersionGroup;
			children = (
				6FFFEC5929249E9000C260EC /* PrivateChatSwiftUi.xcdatamodel */,
			);
			currentVersion = 6FFFEC5929249E9000C260EC /* PrivateChatSwiftUi.xcdatamodel */;
			path = PrivateChatSwiftUi.xcdatamodeld;
			sourceTree = "<group>";
			versionGroupType = wrapper.xcdatamodel;
		};
/* End XCVersionGroup section */
	};
	rootObject = 6FFFEC4229249E8F00C260EC /* Project object */;
}
